Microsoft Visual Studio Solution File, Format Version 12.00
# Visual Studio Version 17
VisualStudioVersion = 17.0.31903.59
MinimumVisualStudioVersion = 10.0.40219.1
Project("{FAE04EC0-301F-11D3-BF4B-00C04F79EFBC}") = "OniStressSchedules", "src/OniStressSchedules/OniStressSchedules.csproj", "{FC746965-FCB2-4E83-9DF7-24A3CB55BA72}"
EndProject
Project("{FAE04EC0-301F-11D3-BF4B-00C04F79EFBC}") = "OniStressSchedules.Tests", "tests/OniStressSchedules.Tests/OniStressSchedules.Tests.csproj", "{C190E796-3F89-4D1D-B8BC-0780ACABCC65}"
EndProject
Global
	GlobalSection(SolutionConfigurationPlatforms) = preSolution
		Debug|Any CPU = Debug|Any CPU
		Release|Any CPU = Release|Any CPU
	EndGlobalSection
	GlobalSection(ProjectConfigurationPlatforms) = postSolution
		{FC746965-FCB2-4E83-9DF7-24A3CB55BA72}.Debug|Any CPU.ActiveCfg = Debug|Any CPU
		{FC746965-FCB2-4E83-9DF7-24A3CB55BA72}.Debug|Any CPU.Build.0 = Debug|Any CPU
		{FC746965-FCB2-4E83-9DF7-24A3CB55BA72}.Release|Any CPU.ActiveCfg = Release|Any CPU
		{FC746965-FCB2-4E83-9DF7-24A3CB55BA72}.Release|Any CPU.Build.0 = Release|Any CPU
		{C190E796-3F89-4D1D-B8BC-0780ACABCC65}.Debug|Any CPU.ActiveCfg = Debug|Any CPU
		{C190E796-3F89-4D1D-B8BC-0780ACABCC65}.Debug|Any CPU.Build.0 = Debug|Any CPU
		{C190E796-3F89-4D1D-B8BC-0780ACABCC65}.Release|Any CPU.ActiveCfg = Release|Any CPU
		{C190E796-3F89-4D1D-B8BC-0780ACABCC65}.Release|Any CPU.Build.0 = Release|Any CPU
	EndGlobalSection
EndGlobal
